// !$*UTF8*$!
{
	archiveVersion = 1;
	classes = {
	};
	objectVersion = 77;
	objects = {

/* Begin PBXContainerItemProxy section */
		FB5641712FEC57FF0016B73F /* PBXContainerItemProxy */ = {
			isa = PBXContainerItemProxy;
			containerPortal = FB56415B2FEC57FE0016B73F /* Project object */;
			proxyType = 1;
			remoteGlobalIDString = FB5641622FEC57FE0016B73F;
			remoteInfo = "POC-API_OpenWeather";
		};
		FB56417B2FEC57FF0016B73F /* PBXContainerItemProxy */ = {
			isa = PBXContainerItemProxy;
			containerPortal = FB56415B2FEC57FE0016B73F /* Project object */;
			proxyType = 1;
			remoteGlobalIDString = FB5641622FEC57FE0016B73F;
			remoteInfo = "POC-API_OpenWeather";
		};
/* End PBXContainerItemProxy section */

/* Begin PBXFileReference section */
		FB5641632FEC57FE0016B73F /* POC-API_OpenWeather.app */ = {isa = PBXFileReference; explicitFileType = wrapper.application; includeInIndex = 0; path = "POC-API_OpenWeather.app"; sourceTree = BUILT_PRODUCTS_DIR; };
		FB5641702FEC57FF0016B73F /* POC-API_OpenWeatherTests.xctest */ = {isa = PBXFileReference; explicitFileType = wrapper.cfbundle; includeInIndex = 0; path = "POC-API_OpenWeatherTests.xctest"; sourceTree = BUILT_PRODUCTS_DIR; };
		FB56417A2FEC57FF0016B73F /* POC-API_OpenWeatherUITests.xctest */ = {isa = PBXFileReference; explicitFileType = wrapper.cfbundle; includeInIndex = 0; path = "POC-API_OpenWeatherUITests.xctest"; sourceTree = BUILT_PRODUCTS_DIR; };
/* End PBXFileReference section */

/* Begin PBXFileSystemSynchronizedRootGroup section */
		FB5641652FEC57FE0016B73F /* POC-API_OpenWeather */ = {
			isa = PBXFileSystemSynchronizedRootGroup;
			path = "POC-API_OpenWeather";
			sourceTree = "<group>";
		};
		FB5641732FEC57FF0016B73F /* POC-API_OpenWeatherTests */ = {
			isa = PBXFileSystemSynchronizedRootGroup;
			path = "POC-API_OpenWeatherTests";
			sourceTree = "<group>";
		};
		FB56417D2FEC57FF0016B73F /* POC-API_OpenWeatherUITests */ = {
			isa = PBXFileSystemSynchronizedRootGroup;
			path = "POC-API_OpenWeatherUITests";
			sourceTree = "<group>";
		};
/* End PBXFileSystemSynchronizedRootGroup section */

/* Begin PBXFrameworksBuildPhase section */
		FB5641602FEC57FE0016B73F /* Frameworks */ = {
			isa = PBXFrameworksBuildPhase;
			buildActionMask = 2147483647;
			files = (
			);
			runOnlyForDeploymentPostprocessing = 0;
		};
		FB56416D2FEC57FF0016B73F /* Frameworks */ = {
			isa = PBXFrameworksBuildPhase;
			buildActionMask = 2147483647;
			files = (
			);
			runOnlyForDeploymentPostprocessing = 0;
		};
		FB5641772FEC57FF0016B73F /* Frameworks */ = {
			isa = PBXFrameworksBuildPhase;
			buildActionMask = 2147483647;
			files = (
			);
			runOnlyForDeploymentPostprocessing = 0;
		};
/* End PBXFrameworksBuildPhase section */

/* Begin PBXGroup section */
		FB56415A2FEC57FE0016B73F = {
			isa = PBXGroup;
			children = (
				FB5641652FEC57FE0016B73F /* POC-API_OpenWeather */,
				FB5641732FEC57FF0016B73F /* POC-API_OpenWeatherTests */,
				FB56417D2FEC57FF0016B73F /* POC-API_OpenWeatherUITests */,
				FB5641642FEC57FE0016B73F /* Products */,
			);
			sourceTree = "<group>";
		};
		FB5641642FEC57FE0016B73F /* Products */ = {
			isa = PBXGroup;
			children = (
				FB5641632FEC57FE0016B73F /* POC-API_OpenWeather.app */,
				FB5641702FEC57FF0016B73F /* POC-API_OpenWeatherTests.xctest */,
				FB56417A2FEC57FF0016B73F /* POC-API_OpenWeatherUITests.xctest */,
			);
			name = Products;
			sourceTree = "<group>";
		};
/* End PBXGroup section */

/* Begin PBXNativeTarget section */
		FB5641622FEC57FE0016B73F /* POC-API_OpenWeather */ = {
			isa = PBXNativeTarget;
			buildConfigurationList = FB5641842FEC57FF0016B73F /* Build configuration list for PBXNativeTarget "POC-API_OpenWeather" */;
			buildPhases = (
				FB56415F2FEC57FE0016B73F /* Sources */,
				FB5641602FEC57FE0016B73F /* Frameworks */,
				FB5641612FEC57FE0016B73F /* Resources */,
			);
			buildRules = (
			);
			dependencies = (
			);
			fileSystemSynchronizedGroups = (
				FB5641652FEC57FE0016B73F /* POC-API_OpenWeather */,
			);
			name = "POC-API_OpenWeather";
			packageProductDependencies = (
			);
			productName = "POC-API_OpenWeather";
			productReference = FB5641632FEC57FE0016B73F /* POC-API_OpenWeather.app */;
			productType = "com.apple.product-type.application";
		};
		FB56416F2FEC57FF0016B73F /* POC-API_OpenWeatherTests */ = {
			isa = PBXNativeTarget;
			buildConfigurationList = FB5641872FEC57FF0016B73F /* Build configuration list for PBXNativeTarget "POC-API_OpenWeatherTests" */;
			buildPhases = (
				FB56416C2FEC57FF0016B73F /* Sources */,
				FB56416D2FEC57FF0016B73F /* Frameworks */,
				FB56416E2FEC57FF0016B73F /* Resources */,
			);
			buildRules = (
			);
			dependencies = (
				FB5641722FEC57FF0016B73F /* PBXTargetDependency */,
			);
			fileSystemSynchronizedGroups = (
				FB5641732FEC57FF0016B73F /* POC-API_OpenWeatherTests */,
			);
			name = "POC-API_OpenWeatherTests";
			packageProductDependencies = (
			);
			productName = "POC-API_OpenWeatherTests";
			productReference = FB5641702FEC57FF0016B73F /* POC-API_OpenWeatherTests.xctest */;
			productType = "com.apple.product-type.bundle.unit-test";
		};
		FB5641792FEC57FF0016B73F /* POC-API_OpenWeatherUITests */ = {
			isa = PBXNativeTarget;
			buildConfigurationList = FB56418A2FEC57FF0016B73F /* Build configuration list for PBXNativeTarget "POC-API_OpenWeatherUITests" */;
			buildPhases = (
				FB5641762FEC57FF0016B73F /* Sources */,
				FB5641772FEC57FF0016B73F /* Frameworks */,
				FB5641782FEC57FF0016B73F /* Resources */,
			);
			buildRules = (
			);
			dependencies = (
				FB56417C2FEC57FF0016B73F /* PBXTargetDependency */,
			);
			fileSystemSynchronizedGroups = (
				FB56417D2FEC57FF0016B73F /* POC-API_OpenWeatherUITests */,
			);
			name = "POC-API_OpenWeatherUITests";
			packageProductDependencies = (
			);
			productName = "POC-API_OpenWeatherUITests";
			productReference = FB56417A2FEC57FF0016B73F /* POC-API_OpenWeatherUITests.xctest */;
			productType = "com.apple.product-type.bundle.ui-testing";
		};
/* End PBXNativeTarget section */

/* Begin PBXProject section */
		FB56415B2FEC57FE0016B73F /* Project object */ = {
			isa = PBXProject;
			attributes = {
				BuildIndependentTargetsInParallel = 1;
				LastSwiftUpdateCheck = 2620;
				LastUpgradeCheck = 2620;
				TargetAttributes = {
					FB5641622FEC57FE0016B73F = {
						CreatedOnToolsVersion = 26.2;
					};
					FB56416F2FEC57FF0016B73F = {
						CreatedOnToolsVersion = 26.2;
						TestTargetID = FB5641622FEC57FE0016B73F;
					};
					FB5641792FEC57FF0016B73F = {
						CreatedOnToolsVersion = 26.2;
						TestTargetID = FB5641622FEC57FE0016B73F;
					};
				};
			};
			buildConfigurationList = FB56415E2FEC57FE0016B73F /* Build configuration list for PBXProject "POC-API_OpenWeather" */;
			developmentRegion = en;
			hasScannedForEncodings = 0;
			knownRegions = (
				en,
				Base,
			);
			mainGroup = FB56415A2FEC57FE0016B73F;
			minimizedProjectReferenceProxies = 1;
			preferredProjectObjectVersion = 77;
			productRefGroup = FB5641642FEC57FE0016B73F /* Products */;
			projectDirPath = "";
			projectRoot = "";
			targets = (
				FB5641622FEC57FE0016B73F /* POC-API_OpenWeather */,
				FB56416F2FEC57FF0016B73F /* POC-API_OpenWeatherTests */,
				FB5641792FEC57FF0016B73F /* POC-API_OpenWeatherUITests */,
			);
		};
/* End PBXProject section */

/* Begin PBXResourcesBuildPhase section */
		FB5641612FEC57FE0016B73F /* Resources */ = {
			isa = PBXResourcesBuildPhase;
			buildActionMask = 2147483647;
			files = (
			);
			runOnlyForDeploymentPostprocessing = 0;
		};
		FB56416E2FEC57FF0016B73F /* Resources */ = {
			isa = PBXResourcesBuildPhase;
			buildActionMask = 2147483647;
			files = (
			);
			runOnlyForDeploymentPostprocessing = 0;
		};
		FB5641782FEC57FF0016B73F /* Resources */ = {
			isa = PBXResourcesBuildPhase;
			buildActionMask = 2147483647;
			files = (
			);
			runOnlyForDeploymentPostprocessing = 0;
		};
/* End PBXResourcesBuildPhase section */

/* Begin PBXSourcesBuildPhase section */
		FB56415F2FEC57FE0016B73F /* Sources */ = {
			isa = PBXSourcesBuildPhase;
			buildActionMask = 2147483647;
			files = (
			);
			runOnlyForDeploymentPostprocessing = 0;
		};
		FB56416C2FEC57FF0016B73F /* Sources */ = {
			isa = PBXSourcesBuildPhase;
			buildActionMask = 2147483647;
			files = (
			);
			runOnlyForDeploymentPostprocessing = 0;
		};
		FB5641762FEC57FF0016B73F /* Sources */ = {
			isa = PBXSourcesBuildPhase;
			buildActionMask = 2147483647;
			files = (
			);
			runOnlyForDeploymentPostprocessing = 0;
		};
/* End PBXSourcesBuildPhase section */

/* Begin PBXTargetDependency section */
		FB5641722FEC57FF0016B73F /* PBXTargetDependency */ = {
			isa = PBXTargetDependency;
			target = FB5641622FEC57FE0016B73F /* POC-API_OpenWeather */;
			targetProxy = FB5641712FEC57FF0016B73F /* PBXContainerItemProxy */;
		};
		FB56417C2FEC57FF0016B73F /* PBXTargetDependency */ = {
			isa = PBXTargetDependency;
			target = FB5641622FEC57FE0016B73F /* POC-API_OpenWeather */;
			targetProxy = FB56417B2FEC57FF0016B73F /* PBXContainerItemProxy */;
		};
/* End PBXTargetDependency section */

/* Begin XCBuildConfiguration section */
		FB5641822FEC57FF0016B73F /* Debug */ = {
			isa = XCBuildConfiguration;
			buildSettings = {
				ALWAYS_SEARCH_USER_PATHS = NO;
				ASSETCATALOG_COMPILER_GENERATE_SWIFT_ASSET_SYMBOL_EXTENSIONS = YES;
				CLANG_ANALYZER_NONNULL = YES;
				CLANG_ANALYZER_NUMBER_OBJECT_CONVERSION = YES_AGGRESSIVE;
				CLANG_CXX_LANGUAGE_STANDARD = "gnu++20";
				CLANG_ENABLE_MODULES = YES;
				CLANG_ENABLE_OBJC_ARC = YES;
				CLANG_ENABLE_OBJC_WEAK = YES;
				CLANG_WARN_BLOCK_CAPTURE_AUTORELEASING = YES;
				CLANG_WARN_BOOL_CONVERSION = YES;
				CLANG_WARN_COMMA = YES;
				CLANG_WARN_CONSTANT_CONVERSION = YES;
				CLANG_WARN_DEPRECATED_OBJC_IMPLEMENTATIONS = YES;
				CLANG_WARN_DIRECT_OBJC_ISA_USAGE = YES_ERROR;
				CLANG_WARN_DOCUMENTATION_COMMENTS = YES;
				CLANG_WARN_EMPTY_BODY = YES;
				CLANG_WARN_ENUM_CONVERSION = YES;
				CLANG_WARN_INFINITE_RECURSION = YES;
				CLANG_WARN_INT_CONVERSION = YES;
				CLANG_WARN_NON_LITERAL_NULL_CONVERSION = YES;
				CLANG_WARN_OBJC_IMPLICIT_RETAIN_SELF = YES;
				CLANG_WARN_OBJC_LITERAL_CONVERSION = YES;
				CLANG_WARN_OBJC_ROOT_CLASS = YES_ERROR;
				CLANG_WARN_QUOTED_INCLUDE_IN_FRAMEWORK_HEADER = YES;
				CLANG_WARN_RANGE_LOOP_ANALYSIS = YES;
				CLANG_WARN_STRICT_PROTOTYPES = YES;
				CLANG_WARN_SUSPICIOUS_MOVE = YES;
				CLANG_WARN_UNGUARDED_AVAILABILITY = YES_AGGRESSIVE;
				CLANG_WARN_UNREACHABLE_CODE = YES;
				CLANG_WARN__DUPLICATE_METHOD_MATCH = YES;
				COPY_PHASE_STRIP = NO;
				DEBUG_INFORMATION_FORMAT = dwarf;
				DEVELOPMENT_TEAM = WCMF6L9F9U;
				ENABLE_STRICT_OBJC_MSGSEND = YES;
				ENABLE_TESTABILITY = YES;
				ENABLE_USER_SCRIPT_SANDBOXING = YES;
				GCC_C_LANGUAGE_STANDARD = gnu17;
				GCC_DYNAMIC_NO_PIC = NO;
				GCC_NO_COMMON_BLOCKS = YES;
				GCC_OPTIMIZATION_LEVEL = 0;
				GCC_PREPROCESSOR_DEFINITIONS = (
					"DEBUG=1",
					"$(inherited)",
				);
				GCC_WARN_64_TO_32_BIT_CONVERSION = YES;
				GCC_WARN_ABOUT_RETURN_TYPE = YES_ERROR;
				GCC_WARN_UNDECLARED_SELECTOR = YES;
				GCC_WARN_UNINITIALIZED_AUTOS = YES_AGGRESSIVE;
				GCC_WARN_UNUSED_FUNCTION = YES;
				GCC_WARN_UNUSED_VARIABLE = YES;
				IPHONEOS_DEPLOYMENT_TARGET = 26.2;
				LOCALIZATION_PREFERS_STRING_CATALOGS = YES;
				MTL_ENABLE_DEBUG_INFO = INCLUDE_SOURCE;
				MTL_FAST_MATH = YES;
				ONLY_ACTIVE_ARCH = YES;
				SDKROOT = iphoneos;
				SWIFT_ACTIVE_COMPILATION_CONDITIONS = "DEBUG $(inherited)";
				SWIFT_OPTIMIZATION_LEVEL = "-Onone";
			};
			name = Debug;
		};
		FB5641832FEC57FF0016B73F /* Release */ = {
			isa = XCBuildConfiguration;
			buildSettings = {
				ALWAYS_SEARCH_USER_PATHS = NO;
				ASSETCATALOG_COMPILER_GENERATE_SWIFT_ASSET_SYMBOL_EXTENSIONS = YES;
				CLANG_ANALYZER_NONNULL = YES;
				CLANG_ANALYZER_NUMBER_OBJECT_CONVERSION = YES_AGGRESSIVE;
				CLANG_CXX_LANGUAGE_STANDARD = "gnu++20";
				CLANG_ENABLE_MODULES = YES;
				CLANG_ENABLE_OBJC_ARC = YES;
				CLANG_ENABLE_OBJC_WEAK = YES;
				CLANG_WARN_BLOCK_CAPTURE_AUTORELEASING = YES;
				CLANG_WARN_BOOL_CONVERSION = YES;
				CLANG_WARN_COMMA = YES;
				CLANG_WARN_CONSTANT_CONVERSION = YES;
				CLANG_WARN_DEPRECATED_OBJC_IMPLEMENTATIONS = YES;
				CLANG_WARN_DIRECT_OBJC_ISA_USAGE = YES_ERROR;
				CLANG_WARN_DOCUMENTATION_COMMENTS = YES;
				CLANG_WARN_EMPTY_BODY = YES;
				CLANG_WARN_ENUM_CONVERSION = YES;
				CLANG_WARN_INFINITE_RECURSION = YES;
				CLANG_WARN_INT_CONVERSION = YES;
				CLANG_WARN_NON_LITERAL_NULL_CONVERSION = YES;
				CLANG_WARN_OBJC_IMPLICIT_RETAIN_SELF = YES;
				CLANG_WARN_OBJC_LITERAL_CONVERSION = YES;
				CLANG_WARN_OBJC_ROOT_CLASS = YES_ERROR;
				CLANG_WARN_QUOTED_INCLUDE_IN_FRAMEWORK_HEADER = YES;
				CLANG_WARN_RANGE_LOOP_ANALYSIS = YES;
				CLANG_WARN_STRICT_PROTOTYPES = YES;
				CLANG_WARN_SUSPICIOUS_MOVE = YES;
				CLANG_WARN_UNGUARDED_AVAILABILITY = YES_AGGRESSIVE;
				CLANG_WARN_UNREACHABLE_CODE = YES;
				CLANG_WARN__DUPLICATE_METHOD_MATCH = YES;
				COPY_PHASE_STRIP = NO;
				DEBUG_INFORMATION_FORMAT = "dwarf-with-dsym";
				DEVELOPMENT_TEAM = WCMF6L9F9U;
				ENABLE_NS_ASSERTIONS = NO;
				ENABLE_STRICT_OBJC_MSGSEND = YES;
				ENABLE_USER_SCRIPT_SANDBOXING = YES;
				GCC_C_LANGUAGE_STANDARD = gnu17;
				GCC_NO_COMMON_BLOCKS = YES;
				GCC_WARN_64_TO_32_BIT_CONVERSION = YES;
				GCC_WARN_ABOUT_RETURN_TYPE = YES_ERROR;
				GCC_WARN_UNDECLARED_SELECTOR = YES;
				GCC_WARN_UNINITIALIZED_AUTOS = YES_AGGRESSIVE;
				GCC_WARN_UNUSED_FUNCTION = YES;
				GCC_WARN_UNUSED_VARIABLE = YES;
				IPHONEOS_DEPLOYMENT_TARGET = 26.2;
				LOCALIZATION_PREFERS_STRING_CATALOGS = YES;
				MTL_ENABLE_DEBUG_INFO = NO;
				MTL_FAST_MATH = YES;
				SDKROOT = iphoneos;
				SWIFT_COMPILATION_MODE = wholemodule;
				VALIDATE_PRODUCT = YES;
			};
			name = Release;
		};
		FB5641852FEC57FF0016B73F /* Debug */ = {
			isa = XCBuildConfiguration;
			buildSettings = {
				ASSETCATALOG_COMPILER_APPICON_NAME = AppIcon;
				ASSETCATALOG_COMPILER_GLOBAL_ACCENT_COLOR_NAME = AccentColor;
				CODE_SIGN_STYLE = Automatic;
				CURRENT_PROJECT_VERSION = 1;
				DEVELOPMENT_TEAM = WCMF6L9F9U;
				ENABLE_PREVIEWS = YES;
				GENERATE_INFOPLIST_FILE = YES;
				INFOPLIST_KEY_UIApplicationSceneManifest_Generation = YES;
				INFOPLIST_KEY_UIApplicationSupportsIndirectInputEvents = YES;
				INFOPLIST_KEY_UILaunchScreen_Generation = YES;
				INFOPLIST_KEY_UISupportedInterfaceOrientations_iPad = "UIInterfaceOrientationPortrait UIInterfaceOrientationPortraitUpsideDown UIInterfaceOrientationLandscapeLeft UIInterfaceOrientationLandscapeRight";
				INFOPLIST_KEY_UISupportedInterfaceOrientations_iPhone = "UIInterfaceOrientationPortrait UIInterfaceOrientationLandscapeLeft UIInterfaceOrientationLandscapeRight";
				LD_RUNPATH_SEARCH_PATHS = (
					"$(inherited)",
					"@executable_path/Frameworks",
				);
				MARKETING_VERSION = 1.0;
				PRODUCT_BUNDLE_IDENTIFIER = "Tamires.POC-API-OpenWeather";
				PRODUCT_NAME = "$(TARGET_NAME)";
				STRING_CATALOG_GENERATE_SYMBOLS = YES;
				SWIFT_APPROACHABLE_CONCURRENCY = YES;
				SWIFT_DEFAULT_ACTOR_ISOLATION = MainActor;
				SWIFT_EMIT_LOC_STRINGS = YES;
				SWIFT_UPCOMING_FEATURE_MEMBER_IMPORT_VISIBILITY = YES;
				SWIFT_VERSION = 5.0;
				TARGETED_DEVICE_FAMILY = "1,2";
			};
			name = Debug;
		};
		FB5641862FEC57FF0016B73F /* Release */ = {
			isa = XCBuildConfiguration;
			buildSettings = {
				ASSETCATALOG_COMPILER_APPICON_NAME = AppIcon;
				ASSETCATALOG_COMPILER_GLOBAL_ACCENT_COLOR_NAME = AccentColor;
				CODE_SIGN_STYLE = Automatic;
				CURRENT_PROJECT_VERSION = 1;
				DEVELOPMENT_TEAM = WCMF6L9F9U;
				ENABLE_PREVIEWS = YES;
				GENERATE_INFOPLIST_FILE = YES;
				INFOPLIST_KEY_UIApplicationSceneManifest_Generation = YES;
				INFOPLIST_KEY_UIApplicationSupportsIndirectInputEvents = YES;
				INFOPLIST_KEY_UILaunchScreen_Generation = YES;
				INFOPLIST_KEY_UISupportedInterfaceOrientations_iPad = "UIInterfaceOrientationPortrait UIInterfaceOrientationPortraitUpsideDown UIInterfaceOrientationLandscapeLeft UIInterfaceOrientationLandscapeRight";
				INFOPLIST_KEY_UISupportedInterfaceOrientations_iPhone = "UIInterfaceOrientationPortrait UIInterfaceOrientationLandscapeLeft UIInterfaceOrientationLandscapeRight";
				LD_RUNPATH_SEARCH_PATHS = (
					"$(inherited)",
					"@executable_path/Frameworks",
				);
				MARKETING_VERSION = 1.0;
				PRODUCT_BUNDLE_IDENTIFIER = "Tamires.POC-API-OpenWeather";
				PRODUCT_NAME = "$(TARGET_NAME)";
				STRING_CATALOG_GENERATE_SYMBOLS = YES;
				SWIFT_APPROACHABLE_CONCURRENCY = YES;
				SWIFT_DEFAULT_ACTOR_ISOLATION = MainActor;
				SWIFT_EMIT_LOC_STRINGS = YES;
				SWIFT_UPCOMING_FEATURE_MEMBER_IMPORT_VISIBILITY = YES;
				SWIFT_VERSION = 5.0;
				TARGETED_DEVICE_FAMILY = "1,2";
			};
			name = Release;
		};
		FB5641882FEC57FF0016B73F /* Debug */ = {
			isa = XCBuildConfiguration;
			buildSettings = {
				BUNDLE_LOADER = "$(TEST_HOST)";
				CODE_SIGN_STYLE = Automatic;
				CURRENT_PROJECT_VERSION = 1;
				DEVELOPMENT_TEAM = WCMF6L9F9U;
				GENERATE_INFOPLIST_FILE = YES;
				IPHONEOS_DEPLOYMENT_TARGET = 26.2;
				MARKETING_VERSION = 1.0;
				PRODUCT_BUNDLE_IDENTIFIER = "Tamires.POC-API-OpenWeatherTests";
				PRODUCT_NAME = "$(TARGET_NAME)";
				STRING_CATALOG_GENERATE_SYMBOLS = NO;
				SWIFT_APPROACHABLE_CONCURRENCY = YES;
				SWIFT_EMIT_LOC_STRINGS = NO;
				SWIFT_UPCOMING_FEATURE_MEMBER_IMPORT_VISIBILITY = YES;
				SWIFT_VERSION = 5.0;
				TARGETED_DEVICE_FAMILY = "1,2";
				TEST_HOST = "$(BUILT_PRODUCTS_DIR)/POC-API_OpenWeather.app/$(BUNDLE_EXECUTABLE_FOLDER_PATH)/POC-API_OpenWeather";
			};
			name = Debug;
		};
		FB5641892FEC57FF0016B73F /* Release */ = {
			isa = XCBuildConfiguration;
			buildSettings = {
				BUNDLE_LOADER = "$(TEST_HOST)";
				CODE_SIGN_STYLE = Automatic;
				CURRENT_PROJECT_VERSION = 1;
				DEVELOPMENT_TEAM = WCMF6L9F9U;
				GENERATE_INFOPLIST_FILE = YES;
				IPHONEOS_DEPLOYMENT_TARGET = 26.2;
				MARKETING_VERSION = 1.0;
				PRODUCT_BUNDLE_IDENTIFIER = "Tamires.POC-API-OpenWeatherTests";
				PRODUCT_NAME = "$(TARGET_NAME)";
				STRING_CATALOG_GENERATE_SYMBOLS = NO;
				SWIFT_APPROACHABLE_CONCURRENCY = YES;
				SWIFT_EMIT_LOC_STRINGS = NO;
				SWIFT_UPCOMING_FEATURE_MEMBER_IMPORT_VISIBILITY = YES;
				SWIFT_VERSION = 5.0;
				TARGETED_DEVICE_FAMILY = "1,2";
				TEST_HOST = "$(BUILT_PRODUCTS_DIR)/POC-API_OpenWeather.app/$(BUNDLE_EXECUTABLE_FOLDER_PATH)/POC-API_OpenWeather";
			};
			name = Release;
		};
		FB56418B2FEC57FF0016B73F /* Debug */ = {
			isa = XCBuildConfiguration;
			buildSettings = {
				CODE_SIGN_STYLE = Automatic;
				CURRENT_PROJECT_VERSION = 1;
				DEVELOPMENT_TEAM = WCMF6L9F9U;
				GENERATE_INFOPLIST_FILE = YES;
				MARKETING_VERSION = 1.0;
				PRODUCT_BUNDLE_IDENTIFIER = "Tamires.POC-API-OpenWeatherUITests";
				PRODUCT_NAME = "$(TARGET_NAME)";
				STRING_CATALOG_GENERATE_SYMBOLS = NO;
				SWIFT_APPROACHABLE_CONCURRENCY = YES;
				SWIFT_EMIT_LOC_STRINGS = NO;
				SWIFT_UPCOMING_FEATURE_MEMBER_IMPORT_VISIBILITY = YES;
				SWIFT_VERSION = 5.0;
				TARGETED_DEVICE_FAMILY = "1,2";
				TEST_TARGET_NAME = "POC-API_OpenWeather";
			};
			name = Debug;
		};
		FB56418C2FEC57FF0016B73F /* Release */ = {
			isa = XCBuildConfiguration;
			buildSettings = {
				CODE_SIGN_STYLE = Automatic;
				CURRENT_PROJECT_VERSION = 1;
				DEVELOPMENT_TEAM = WCMF6L9F9U;
				GENERATE_INFOPLIST_FILE = YES;
				MARKETING_VERSION = 1.0;
				PRODUCT_BUNDLE_IDENTIFIER = "Tamires.POC-API-OpenWeatherUITests";
				PRODUCT_NAME = "$(TARGET_NAME)";
				STRING_CATALOG_GENERATE_SYMBOLS = NO;
				SWIFT_APPROACHABLE_CONCURRENCY = YES;
				SWIFT_EMIT_LOC_STRINGS = NO;
				SWIFT_UPCOMING_FEATURE_MEMBER_IMPORT_VISIBILITY = YES;
				SWIFT_VERSION = 5.0;
				TARGETED_DEVICE_FAMILY = "1,2";
				TEST_TARGET_NAME = "POC-API_OpenWeather";
			};
			name = Release;
		};
/* End XCBuildConfiguration section */

/* Begin XCConfigurationList section */
		FB56415E2FEC57FE0016B73F /* Build configuration list for PBXProject "POC-API_OpenWeather" */ = {
			isa = XCConfigurationList;
			buildConfigurations = (
				FB5641822FEC57FF0016B73F /* Debug */,
				FB5641832FEC57FF0016B73F /* Release */,
			);
			defaultConfigurationIsVisible = 0;
			defaultConfigurationName = Release;
		};
		FB5641842FEC57FF0016B73F /* Build configuration list for PBXNativeTarget "POC-API_OpenWeather" */ = {
			isa = XCConfigurationList;
			buildConfigurations = (
				FB5641852FEC57FF0016B73F /* Debug */,
				FB5641862FEC57FF0016B73F /* Release */,
			);
			defaultConfigurationIsVisible = 0;
			defaultConfigurationName = Release;
		};
		FB5641872FEC57FF0016B73F /* Build configuration list for PBXNativeTarget "POC-API_OpenWeatherTests" */ = {
			isa = XCConfigurationList;
			buildConfigurations = (
				FB5641882FEC57FF0016B73F /* Debug */,
				FB5641892FEC57FF0016B73F /* Release */,
			);
			defaultConfigurationIsVisible = 0;
			defaultConfigurationName = Release;
		};
		FB56418A2FEC57FF0016B73F /* Build configuration list for PBXNativeTarget "POC-API_OpenWeatherUITests" */ = {
			isa = XCConfigurationList;
			buildConfigurations = (
				FB56418B2FEC57FF0016B73F /* Debug */,
				FB56418C2FEC57FF0016B73F /* Release */,
			);
			defaultConfigurationIsVisible = 0;
			defaultConfigurationName = Release;
		};
/* End XCConfigurationList section */
	};
	rootObject = FB56415B2FEC57FE0016B73F /* Project object */;
}
